// !$*UTF8*$!
{
	archiveVersion = 1;
	classes = {
	};
	objectVersion = 51;
	objects = {

/* Begin PBXBuildFile section */
		DE25B46E2417AA6B006C832E /* AppDelegate.swift in Sources */ = {isa = PBXBuildFile; fileRef = DE25B46D2417AA6B006C832E /* AppDelegate.swift */; };
		DE25B4722417AA6B006C832E /* AddressSearchViewController.swift in Sources */ = {isa = PBXBuildFile; fileRef = DE25B4712417AA6B006C832E /* AddressSearchViewController.swift */; };
		DE25B4752417AA6B006C832E /* Main.storyboard in Resources */ = {isa = PBXBuildFile; fileRef = DE25B4732417AA6B006C832E /* Main.storyboard */; };
		DE25B4772417AA6D006C832E /* Assets.xcassets in Resources */ = {isa = PBXBuildFile; fileRef = DE25B4762417AA6D006C832E /* Assets.xcassets */; };
		DE25B47A2417AA6D006C832E /* LaunchScreen.storyboard in Resources */ = {isa = PBXBuildFile; fileRef = DE25B4782417AA6D006C832E /* LaunchScreen.storyboard */; };
		DE25B4822417B213006C832E /* CustomTextField.swift in Sources */ = {isa = PBXBuildFile; fileRef = DE25B4812417B213006C832E /* CustomTextField.swift */; };
		DE25B4842417B2FC006C832E /* CustomButton.swift in Sources */ = {isa = PBXBuildFile; fileRef = DE25B4832417B2FC006C832E /* CustomButton.swift */; };
		DE25B4882417C507006C832E /* ResultTableViewCell.swift in Sources */ = {isa = PBXBuildFile; fileRef = DE25B4872417C507006C832E /* ResultTableViewCell.swift */; };
		DE30070D241A1EE500EDD031 /* NMapsMap.framework in Frameworks */ = {isa = PBXBuildFile; fileRef = DE30070C241A1EE500EDD031 /* NMapsMap.framework */; };
		DE300711241A37F900EDD031 /* PositionViewController.swift in Sources */ = {isa = PBXBuildFile; fileRef = DE300710241A37F900EDD031 /* PositionViewController.swift */; };
		DE300718241A642300EDD031 /* LocationSearchPresenter.swift in Sources */ = {isa = PBXBuildFile; fileRef = DE300717241A642300EDD031 /* LocationSearchPresenter.swift */; };
		DE30071B241A643200EDD031 /* LocationSearchContract.swift in Sources */ = {isa = PBXBuildFile; fileRef = DE30071A241A643200EDD031 /* LocationSearchContract.swift */; };
		DE300720241A661900EDD031 /* DataModel.swift in Sources */ = {isa = PBXBuildFile; fileRef = DE30071F241A661900EDD031 /* DataModel.swift */; };
		DE300722241A664300EDD031 /* AddressSearchContract.swift in Sources */ = {isa = PBXBuildFile; fileRef = DE300721241A664300EDD031 /* AddressSearchContract.swift */; };
		DE300724241A666F00EDD031 /* AddressSearchPresenter.swift in Sources */ = {isa = PBXBuildFile; fileRef = DE300723241A666F00EDD031 /* AddressSearchPresenter.swift */; };
		DE300727241A668D00EDD031 /* FetchModule.swift in Sources */ = {isa = PBXBuildFile; fileRef = DE300726241A668D00EDD031 /* FetchModule.swift */; };
		DE37336A241A6B500005640C /* UIColor+Extensions.swift in Sources */ = {isa = PBXBuildFile; fileRef = DE373369241A6B500005640C /* UIColor+Extensions.swift */; };
		DE37336C241A8FCA0005640C /* AddressSearchModel.swift in Sources */ = {isa = PBXBuildFile; fileRef = DE37336B241A8FCA0005640C /* AddressSearchModel.swift */; };
		DE37336E241A92B70005640C /* LocationSearchModel.swift in Sources */ = {isa = PBXBuildFile; fileRef = DE37336D241A92B70005640C /* LocationSearchModel.swift */; };
		DED07EE424188C0800FF1B88 /* LocationSearchViewController.swift in Sources */ = {isa = PBXBuildFile; fileRef = DED07EE324188C0800FF1B88 /* LocationSearchViewController.swift */; };
		E7BE8B39EBC2F71B1089B381 /* Pods_Maskinfo.framework in Frameworks */ = {isa = PBXBuildFile; fileRef = 8BB488FFBFF3C7A35CFEFDC3 /* Pods_Maskinfo.framework */; };
/* End PBXBuildFile section */

/* Begin PBXFileReference section */
		61A33C97976D50A527234970 /* Pods-Maskinfo.debug.xcconfig */ = {isa = PBXFileReference; includeInIndex = 1; lastKnownFileType = text.xcconfig; name = "Pods-Maskinfo.debug.xcconfig"; path = "Target Support Files/Pods-Maskinfo/Pods-Maskinfo.debug.xcconfig"; sourceTree = "<group>"; };
		8BB488FFBFF3C7A35CFEFDC3 /* Pods_Maskinfo.framework */ = {isa = PBXFileReference; explicitFileType = wrapper.framework; includeInIndex = 0; path = Pods_Maskinfo.framework; sourceTree = BUILT_PRODUCTS_DIR; };
		D8057B2B8775CF3B1263DBCF /* Pods-Maskinfo.release.xcconfig */ = {isa = PBXFileReference; includeInIndex = 1; lastKnownFileType = text.xcconfig; name = "Pods-Maskinfo.release.xcconfig"; path = "Target Support Files/Pods-Maskinfo/Pods-Maskinfo.release.xcconfig"; sourceTree = "<group>"; };
		DE25B46A2417AA6B006C832E /* 어디마스크.app */ = {isa = PBXFileReference; explicitFileType = wrapper.application; includeInIndex = 0; path = "어디마스크.app"; sourceTree = BUILT_PRODUCTS_DIR; };
		DE25B46D2417AA6B006C832E /* AppDelegate.swift */ = {isa = PBXFileReference; lastKnownFileType = sourcecode.swift; path = AppDelegate.swift; sourceTree = "<group>"; };
		DE25B4712417AA6B006C832E /* AddressSearchViewController.swift */ = {isa = PBXFileReference; lastKnownFileType = sourcecode.swift; path = AddressSearchViewController.swift; sourceTree = "<group>"; };
		DE25B4742417AA6B006C832E /* Base */ = {isa = PBXFileReference; lastKnownFileType = file.storyboard; name = Base; path = Base.lproj/Main.storyboard; sourceTree = "<group>"; };
		DE25B4762417AA6D006C832E /* Assets.xcassets */ = {isa = PBXFileReference; lastKnownFileType = folder.assetcatalog; path = Assets.xcassets; sourceTree = "<group>"; };
		DE25B4792417AA6D006C832E /* Base */ = {isa = PBXFileReference; lastKnownFileType = file.storyboard; name = Base; path = Base.lproj/LaunchScreen.storyboard; sourceTree = "<group>"; };
		DE25B47B2417AA6D006C832E /* Info.plist */ = {isa = PBXFileReference; lastKnownFileType = text.plist.xml; path = Info.plist; sourceTree = "<group>"; };
		DE25B4812417B213006C832E /* CustomTextField.swift */ = {isa = PBXFileReference; lastKnownFileType = sourcecode.swift; path = CustomTextField.swift; sourceTree = "<group>"; };
		DE25B4832417B2FC006C832E /* CustomButton.swift */ = {isa = PBXFileReference; lastKnownFileType = sourcecode.swift; path = CustomButton.swift; sourceTree = "<group>"; };
		DE25B4872417C507006C832E /* ResultTableViewCell.swift */ = {isa = PBXFileReference; lastKnownFileType = sourcecode.swift; path = ResultTableViewCell.swift; sourceTree = "<group>"; };
		DE30070C241A1EE500EDD031 /* NMapsMap.framework */ = {isa = PBXFileReference; lastKnownFileType = wrapper.framework; name = NMapsMap.framework; path = Pods/NMapsMap/framework/NMapsMap.framework; sourceTree = "<group>"; };
		DE300710241A37F900EDD031 /* PositionViewController.swift */ = {isa = PBXFileReference; lastKnownFileType = sourcecode.swift; path = PositionViewController.swift; sourceTree = "<group>"; };
		DE300717241A642300EDD031 /* LocationSearchPresenter.swift */ = {isa = PBXFileReference; lastKnownFileType = sourcecode.swift; path = LocationSearchPresenter.swift; sourceTree = "<group>"; };
		DE30071A241A643200EDD031 /* LocationSearchContract.swift */ = {isa = PBXFileReference; lastKnownFileType = sourcecode.swift; path = LocationSearchContract.swift; sourceTree = "<group>"; };
		DE30071F241A661900EDD031 /* DataModel.swift */ = {isa = PBXFileReference; lastKnownFileType = sourcecode.swift; path = DataModel.swift; sourceTree = "<group>"; };
		DE300721241A664300EDD031 /* AddressSearchContract.swift */ = {isa = PBXFileReference; lastKnownFileType = sourcecode.swift; path = AddressSearchContract.swift; sourceTree = "<group>"; };
		DE300723241A666F00EDD031 /* AddressSearchPresenter.swift */ = {isa = PBXFileReference; lastKnownFileType = sourcecode.swift; path = AddressSearchPresenter.swift; sourceTree = "<group>"; };
		DE300726241A668D00EDD031 /* FetchModule.swift */ = {isa = PBXFileReference; lastKnownFileType = sourcecode.swift; path = FetchModule.swift; sourceTree = "<group>"; };
		DE373369241A6B500005640C /* UIColor+Extensions.swift */ = {isa = PBXFileReference; lastKnownFileType = sourcecode.swift; path = "UIColor+Extensions.swift"; sourceTree = "<group>"; };
		DE37336B241A8FCA0005640C /* AddressSearchModel.swift */ = {isa = PBXFileReference; lastKnownFileType = sourcecode.swift; path = AddressSearchModel.swift; sourceTree = "<group>"; };
		DE37336D241A92B70005640C /* LocationSearchModel.swift */ = {isa = PBXFileReference; lastKnownFileType = sourcecode.swift; path = LocationSearchModel.swift; sourceTree = "<group>"; };
		DED07EE324188C0800FF1B88 /* LocationSearchViewController.swift */ = {isa = PBXFileReference; lastKnownFileType = sourcecode.swift; path = LocationSearchViewController.swift; sourceTree = "<group>"; };
/* End PBXFileReference section */

/* Begin PBXFrameworksBuildPhase section */
		DE25B4672417AA6B006C832E /* Frameworks */ = {
			isa = PBXFrameworksBuildPhase;
			buildActionMask = 2147483647;
			files = (
				E7BE8B39EBC2F71B1089B381 /* Pods_Maskinfo.framework in Frameworks */,
				DE30070D241A1EE500EDD031 /* NMapsMap.framework in Frameworks */,
			);
			runOnlyForDeploymentPostprocessing = 0;
		};
/* End PBXFrameworksBuildPhase section */

/* Begin PBXGroup section */
		B62089C2E806E4045DAAC61B /* Pods */ = {
			isa = PBXGroup;
			children = (
				61A33C97976D50A527234970 /* Pods-Maskinfo.debug.xcconfig */,
				D8057B2B8775CF3B1263DBCF /* Pods-Maskinfo.release.xcconfig */,
			);
			path = Pods;
			sourceTree = "<group>";
		};
		D380CC9AD36E54F336F4CF6C /* Frameworks */ = {
			isa = PBXGroup;
			children = (
				8BB488FFBFF3C7A35CFEFDC3 /* Pods_Maskinfo.framework */,
				DE30070C241A1EE500EDD031 /* NMapsMap.framework */,
			);
			name = Frameworks;
			sourceTree = "<group>";
		};
		DE25B4612417AA6B006C832E = {
			isa = PBXGroup;
			children = (
				DE25B46C2417AA6B006C832E /* Maskinfo */,
				DE25B46B2417AA6B006C832E /* Products */,
				B62089C2E806E4045DAAC61B /* Pods */,
				D380CC9AD36E54F336F4CF6C /* Frameworks */,
			);
			sourceTree = "<group>";
		};
		DE25B46B2417AA6B006C832E /* Products */ = {
			isa = PBXGroup;
			children = (
				DE25B46A2417AA6B006C832E /* 어디마스크.app */,
			);
			name = Products;
			sourceTree = "<group>";
		};
		DE25B46C2417AA6B006C832E /* Maskinfo */ = {
			isa = PBXGroup;
			children = (
				DE300725241A668000EDD031 /* Network */,
				DE30071E241A660F00EDD031 /* Model */,
				DE300714241A63EE00EDD031 /* View */,
				DE25B46D2417AA6B006C832E /* AppDelegate.swift */,
				DE25B4732417AA6B006C832E /* Main.storyboard */,
				DE25B4762417AA6D006C832E /* Assets.xcassets */,
				DE25B4782417AA6D006C832E /* LaunchScreen.storyboard */,
				DE25B47B2417AA6D006C832E /* Info.plist */,
				DE25B4812417B213006C832E /* CustomTextField.swift */,
				DE25B4832417B2FC006C832E /* CustomButton.swift */,
				DE373369241A6B500005640C /* UIColor+Extensions.swift */,
			);
			path = Maskinfo;
			sourceTree = "<group>";
		};
		DE300714241A63EE00EDD031 /* View */ = {
			isa = PBXGroup;
			children = (
				DE30071C241A64EF00EDD031 /* LocationDetail */,
				DE300716241A640A00EDD031 /* AddressSearch */,
				DE300715241A63FD00EDD031 /* LocationSearch */,
			);
			path = View;
			sourceTree = "<group>";
		};
		DE300715241A63FD00EDD031 /* LocationSearch */ = {
			isa = PBXGroup;
			children = (
				DED07EE324188C0800FF1B88 /* LocationSearchViewController.swift */,
				DE300717241A642300EDD031 /* LocationSearchPresenter.swift */,
				DE30071A241A643200EDD031 /* LocationSearchContract.swift */,
				DE37336D241A92B70005640C /* LocationSearchModel.swift */,
			);
			path = LocationSearch;
			sourceTree = "<group>";
		};
		DE300716241A640A00EDD031 /* AddressSearch */ = {
			isa = PBXGroup;
			children = (
				DE30071D241A650000EDD031 /* Cell */,
				DE25B4712417AA6B006C832E /* AddressSearchViewController.swift */,
				DE300721241A664300EDD031 /* AddressSearchContract.swift */,
				DE300723241A666F00EDD031 /* AddressSearchPresenter.swift */,
				DE37336B241A8FCA0005640C /* AddressSearchModel.swift */,
			);
			path = AddressSearch;
			sourceTree = "<group>";
		};
		DE30071C241A64EF00EDD031 /* LocationDetail */ = {
			isa = PBXGroup;
			children = (
				DE300710241A37F900EDD031 /* PositionViewController.swift */,
			);
			path = LocationDetail;
			sourceTree = "<group>";
		};
		DE30071D241A650000EDD031 /* Cell */ = {
			isa = PBXGroup;
			children = (
				DE25B4872417C507006C832E /* ResultTableViewCell.swift */,
			);
			path = Cell;
			sourceTree = "<group>";
		};
		DE30071E241A660F00EDD031 /* Model */ = {
			isa = PBXGroup;
			children = (
				DE30071F241A661900EDD031 /* DataModel.swift */,
			);
			path = Model;
			sourceTree = "<group>";
		};
		DE300725241A668000EDD031 /* Network */ = {
			isa = PBXGroup;
			children = (
				DE300726241A668D00EDD031 /* FetchModule.swift */,
			);
			path = Network;
			sourceTree = "<group>";
		};
/* End PBXGroup section */

/* Begin PBXNativeTarget section */
		DE25B4692417AA6B006C832E /* Maskinfo */ = {
			isa = PBXNativeTarget;
			buildConfigurationList = DE25B47E2417AA6D006C832E /* Build configuration list for PBXNativeTarget "Maskinfo" */;
			buildPhases = (
				9984668C75D7E7FE38ECA708 /* [CP] Check Pods Manifest.lock */,
				DE25B4662417AA6B006C832E /* Sources */,
				DE25B4672417AA6B006C832E /* Frameworks */,
				DE25B4682417AA6B006C832E /* Resources */,
				A4FA8C473E35C9205C6684F7 /* [CP] Embed Pods Frameworks */,
			);
			buildRules = (
			);
			dependencies = (
			);
			name = Maskinfo;
			productName = Maskinfo;
			productReference = DE25B46A2417AA6B006C832E /* 어디마스크.app */;
			productType = "com.apple.product-type.application";
		};
/* End PBXNativeTarget section */

/* Begin PBXProject section */
		DE25B4622417AA6B006C832E /* Project object */ = {
			isa = PBXProject;
			attributes = {
				LastSwiftUpdateCheck = 1130;
				LastUpgradeCheck = 1130;
				ORGANIZATIONNAME = TaeinKim;
				TargetAttributes = {
					DE25B4692417AA6B006C832E = {
						CreatedOnToolsVersion = 11.3.1;
					};
				};
			};
			buildConfigurationList = DE25B4652417AA6B006C832E /* Build configuration list for PBXProject "Maskinfo" */;
			compatibilityVersion = "Xcode 9.3";
			developmentRegion = en;
			hasScannedForEncodings = 0;
			knownRegions = (
				en,
				Base,
			);
			mainGroup = DE25B4612417AA6B006C832E;
			productRefGroup = DE25B46B2417AA6B006C832E /* Products */;
			projectDirPath = "";
			projectRoot = "";
			targets = (
				DE25B4692417AA6B006C832E /* Maskinfo */,
			);
		};
/* End PBXProject section */

/* Begin PBXResourcesBuildPhase section */
		DE25B4682417AA6B006C832E /* Resources */ = {
			isa = PBXResourcesBuildPhase;
			buildActionMask = 2147483647;
			files = (
				DE25B47A2417AA6D006C832E /* LaunchScreen.storyboard in Resources */,
				DE25B4772417AA6D006C832E /* Assets.xcassets in Resources */,
				DE25B4752417AA6B006C832E /* Main.storyboard in Resources */,
			);
			runOnlyForDeploymentPostprocessing = 0;
		};
/* End PBXResourcesBuildPhase section */

/* Begin PBXShellScriptBuildPhase section */
		9984668C75D7E7FE38ECA708 /* [CP] Check Pods Manifest.lock */ = {
			isa = PBXShellScriptBuildPhase;
			buildActionMask = 2147483647;
			files = (
			);
			inputFileListPaths = (
			);
			inputPaths = (
				"${PODS_PODFILE_DIR_PATH}/Podfile.lock",
				"${PODS_ROOT}/Manifest.lock",
			);
			name = "[CP] Check Pods Manifest.lock";
			outputFileListPaths = (
			);
			outputPaths = (
				"$(DERIVED_FILE_DIR)/Pods-Maskinfo-checkManifestLockResult.txt",
			);
			runOnlyForDeploymentPostprocessing = 0;
			shellPath = /bin/sh;
			shellScript = "diff \"${PODS_PODFILE_DIR_PATH}/Podfile.lock\" \"${PODS_ROOT}/Manifest.lock\" > /dev/null\nif [ $? != 0 ] ; then\n    # print error to STDERR\n    echo \"error: The sandbox is not in sync with the Podfile.lock. Run 'pod install' or update your CocoaPods installation.\" >&2\n    exit 1\nfi\n# This output is used by Xcode 'outputs' to avoid re-running this script phase.\necho \"SUCCESS\" > \"${SCRIPT_OUTPUT_FILE_0}\"\n";
			showEnvVarsInLog = 0;
		};
		A4FA8C473E35C9205C6684F7 /* [CP] Embed Pods Frameworks */ = {
			isa = PBXShellScriptBuildPhase;
			buildActionMask = 2147483647;
			files = (
			);
			inputFileListPaths = (
				"${PODS_ROOT}/Target Support Files/Pods-Maskinfo/Pods-Maskinfo-frameworks-${CONFIGURATION}-input-files.xcfilelist",
			);
			name = "[CP] Embed Pods Frameworks";
			outputFileListPaths = (
				"${PODS_ROOT}/Target Support Files/Pods-Maskinfo/Pods-Maskinfo-frameworks-${CONFIGURATION}-output-files.xcfilelist",
			);
			runOnlyForDeploymentPostprocessing = 0;
			shellPath = /bin/sh;
			shellScript = "\"${PODS_ROOT}/Target Support Files/Pods-Maskinfo/Pods-Maskinfo-frameworks.sh\"\n";
			showEnvVarsInLog = 0;
		};
/* End PBXShellScriptBuildPhase section */

/* Begin PBXSourcesBuildPhase section */
		DE25B4662417AA6B006C832E /* Sources */ = {
			isa = PBXSourcesBuildPhase;
			buildActionMask = 2147483647;
			files = (
				DE25B4842417B2FC006C832E /* CustomButton.swift in Sources */,
				DE300711241A37F900EDD031 /* PositionViewController.swift in Sources */,
				DE25B4722417AA6B006C832E /* AddressSearchViewController.swift in Sources */,
				DE30071B241A643200EDD031 /* LocationSearchContract.swift in Sources */,
				DE37336E241A92B70005640C /* LocationSearchModel.swift in Sources */,
				DE300722241A664300EDD031 /* AddressSearchContract.swift in Sources */,
				DED07EE424188C0800FF1B88 /* LocationSearchViewController.swift in Sources */,
				DE300720241A661900EDD031 /* DataModel.swift in Sources */,
				DE300724241A666F00EDD031 /* AddressSearchPresenter.swift in Sources */,
				DE300727241A668D00EDD031 /* FetchModule.swift in Sources */,
				DE25B46E2417AA6B006C832E /* AppDelegate.swift in Sources */,
				DE25B4882417C507006C832E /* ResultTableViewCell.swift in Sources */,
				DE37336C241A8FCA0005640C /* AddressSearchModel.swift in Sources */,
				DE37336A241A6B500005640C /* UIColor+Extensions.swift in Sources */,
				DE25B4822417B213006C832E /* CustomTextField.swift in Sources */,
				DE300718241A642300EDD031 /* LocationSearchPresenter.swift in Sources */,
			);
			runOnlyForDeploymentPostprocessing = 0;
		};
/* End PBXSourcesBuildPhase section */

/* Begin PBXVariantGroup section */
		DE25B4732417AA6B006C832E /* Main.storyboard */ = {
			isa = PBXVariantGroup;
			children = (
				DE25B4742417AA6B006C832E /* Base */,
			);
			name = Main.storyboard;
			sourceTree = "<group>";
		};
		DE25B4782417AA6D006C832E /* LaunchScreen.storyboard */ = {
			isa = PBXVariantGroup;
			children = (
				DE25B4792417AA6D006C832E /* Base */,
			);
			name = LaunchScreen.storyboard;
			sourceTree = "<group>";
		};
/* End PBXVariantGroup section */

/* Begin XCBuildConfiguration section */
		DE25B47C2417AA6D006C832E /* Debug */ = {
			isa = XCBuildConfiguration;
			buildSettings = {
				ALWAYS_SEARCH_USER_PATHS = NO;
				CLANG_ANALYZER_NONNULL = YES;
				CLANG_ANALYZER_NUMBER_OBJECT_CONVERSION = YES_AGGRESSIVE;
				CLANG_CXX_LANGUAGE_STANDARD = "gnu++14";
				CLANG_CXX_LIBRARY = "libc++";
				CLANG_ENABLE_MODULES = YES;
				CLANG_ENABLE_OBJC_ARC = YES;
				CLANG_ENABLE_OBJC_WEAK = YES;
				CLANG_WARN_BLOCK_CAPTURE_AUTORELEASING = YES;
				CLANG_WARN_BOOL_CONVERSION = YES;
				CLANG_WARN_COMMA = YES;
				CLANG_WARN_CONSTANT_CONVERSION = YES;
				CLANG_WARN_DEPRECATED_OBJC_IMPLEMENTATIONS = YES;
				CLANG_WARN_DIRECT_OBJC_ISA_USAGE = YES_ERROR;
				CLANG_WARN_DOCUMENTATION_COMMENTS = YES;
				CLANG_WARN_EMPTY_BODY = YES;
				CLANG_WARN_ENUM_CONVERSION = YES;
				CLANG_WARN_INFINITE_RECURSION = YES;
				CLANG_WARN_INT_CONVERSION = YES;
				CLANG_WARN_NON_LITERAL_NULL_CONVERSION = YES;
				CLANG_WARN_OBJC_IMPLICIT_RETAIN_SELF = YES;
				CLANG_WARN_OBJC_LITERAL_CONVERSION = YES;
				CLANG_WARN_OBJC_ROOT_CLASS = YES_ERROR;
				CLANG_WARN_RANGE_LOOP_ANALYSIS = YES;
				CLANG_WARN_STRICT_PROTOTYPES = YES;
				CLANG_WARN_SUSPICIOUS_MOVE = YES;
				CLANG_WARN_UNGUARDED_AVAILABILITY = YES_AGGRESSIVE;
				CLANG_WARN_UNREACHABLE_CODE = YES;
				CLANG_WARN__DUPLICATE_METHOD_MATCH = YES;
				COPY_PHASE_STRIP = NO;
				DEBUG_INFORMATION_FORMAT = dwarf;
				ENABLE_STRICT_OBJC_MSGSEND = YES;
				ENABLE_TESTABILITY = YES;
				GCC_C_LANGUAGE_STANDARD = gnu11;
				GCC_DYNAMIC_NO_PIC = NO;
				GCC_NO_COMMON_BLOCKS = YES;
				GCC_OPTIMIZATION_LEVEL = 0;
				GCC_PREPROCESSOR_DEFINITIONS = (
					"DEBUG=1",
					"$(inherited)",
				);
				GCC_WARN_64_TO_32_BIT_CONVERSION = YES;
				GCC_WARN_ABOUT_RETURN_TYPE = YES_ERROR;
				GCC_WARN_UNDECLARED_SELECTOR = YES;
				GCC_WARN_UNINITIALIZED_AUTOS = YES_AGGRESSIVE;
				GCC_WARN_UNUSED_FUNCTION = YES;
				GCC_WARN_UNUSED_VARIABLE = YES;
				IPHONEOS_DEPLOYMENT_TARGET = 11.0;
				MTL_ENABLE_DEBUG_INFO = INCLUDE_SOURCE;
				MTL_FAST_MATH = YES;
				ONLY_ACTIVE_ARCH = YES;
				SDKROOT = iphoneos;
				SWIFT_ACTIVE_COMPILATION_CONDITIONS = DEBUG;
				SWIFT_OPTIMIZATION_LEVEL = "-Onone";
			};
			name = Debug;
		};
		DE25B47D2417AA6D006C832E /* Release */ = {
			isa = XCBuildConfiguration;
			buildSettings = {
				ALWAYS_SEARCH_USER_PATHS = NO;
				CLANG_ANALYZER_NONNULL = YES;
				CLANG_ANALYZER_NUMBER_OBJECT_CONVERSION = YES_AGGRESSIVE;
				CLANG_CXX_LANGUAGE_STANDARD = "gnu++14";
				CLANG_CXX_LIBRARY = "libc++";
				CLANG_ENABLE_MODULES = YES;
				CLANG_ENABLE_OBJC_ARC = YES;
				CLANG_ENABLE_OBJC_WEAK = YES;
				CLANG_WARN_BLOCK_CAPTURE_AUTORELEASING = YES;
				CLANG_WARN_BOOL_CONVERSION = YES;
				CLANG_WARN_COMMA = YES;
				CLANG_WARN_CONSTANT_CONVERSION = YES;
				CLANG_WARN_DEPRECATED_OBJC_IMPLEMENTATIONS = YES;
				CLANG_WARN_DIRECT_OBJC_ISA_USAGE = YES_ERROR;
				CLANG_WARN_DOCUMENTATION_COMMENTS = YES;
				CLANG_WARN_EMPTY_BODY = YES;
				CLANG_WARN_ENUM_CONVERSION = YES;
				CLANG_WARN_INFINITE_RECURSION = YES;
				CLANG_WARN_INT_CONVERSION = YES;
				CLANG_WARN_NON_LITERAL_NULL_CONVERSION = YES;
				CLANG_WARN_OBJC_IMPLICIT_RETAIN_SELF = YES;
				CLANG_WARN_OBJC_LITERAL_CONVERSION = YES;
				CLANG_WARN_OBJC_ROOT_CLASS = YES_ERROR;
				CLANG_WARN_RANGE_LOOP_ANALYSIS = YES;
				CLANG_WARN_STRICT_PROTOTYPES = YES;
				CLANG_WARN_SUSPICIOUS_MOVE = YES;
				CLANG_WARN_UNGUARDED_AVAILABILITY = YES_AGGRESSIVE;
				CLANG_WARN_UNREACHABLE_CODE = YES;
				CLANG_WARN__DUPLICATE_METHOD_MATCH = YES;
				COPY_PHASE_STRIP = NO;
				DEBUG_INFORMATION_FORMAT = "dwarf-with-dsym";
				ENABLE_NS_ASSERTIONS = NO;
				ENABLE_STRICT_OBJC_MSGSEND = YES;
				GCC_C_LANGUAGE_STANDARD = gnu11;
				GCC_NO_COMMON_BLOCKS = YES;
				GCC_WARN_64_TO_32_BIT_CONVERSION = YES;
				GCC_WARN_ABOUT_RETURN_TYPE = YES_ERROR;
				GCC_WARN_UNDECLARED_SELECTOR = YES;
				GCC_WARN_UNINITIALIZED_AUTOS = YES_AGGRESSIVE;
				GCC_WARN_UNUSED_FUNCTION = YES;
				GCC_WARN_UNUSED_VARIABLE = YES;
				IPHONEOS_DEPLOYMENT_TARGET = 11.0;
				MTL_ENABLE_DEBUG_INFO = NO;
				MTL_FAST_MATH = YES;
				SDKROOT = iphoneos;
				SWIFT_COMPILATION_MODE = wholemodule;
				SWIFT_OPTIMIZATION_LEVEL = "-O";
				VALIDATE_PRODUCT = YES;
			};
			name = Release;
		};
		DE25B47F2417AA6D006C832E /* Debug */ = {
			isa = XCBuildConfiguration;
			baseConfigurationReference = 61A33C97976D50A527234970 /* Pods-Maskinfo.debug.xcconfig */;
			buildSettings = {
				ASSETCATALOG_COMPILER_APPICON_NAME = AppIcon;
				CODE_SIGN_STYLE = Automatic;
				CURRENT_PROJECT_VERSION = 5;
				DEVELOPMENT_TEAM = M79H9K226Y;
				FRAMEWORK_SEARCH_PATHS = (
					"$(inherited)",
					"$(PROJECT_DIR)/Pods/NMapsMap/framework",
				);
				INFOPLIST_FILE = Maskinfo/Info.plist;
				LD_RUNPATH_SEARCH_PATHS = (
					"$(inherited)",
					"@executable_path/Frameworks",
				);
				PRODUCT_BUNDLE_IDENTIFIER = com.elliott.Maskinfo;
				PRODUCT_NAME = "어디마스크";
				SWIFT_VERSION = 5.0;
				TARGETED_DEVICE_FAMILY = 1;
			};
			name = Debug;
		};
		DE25B4802417AA6D006C832E /* Release */ = {
			isa = XCBuildConfiguration;
			baseConfigurationReference = D8057B2B8775CF3B1263DBCF /* Pods-Maskinfo.release.xcconfig */;
			buildSettings = {
				ASSETCATALOG_COMPILER_APPICON_NAME = AppIcon;
				CODE_SIGN_STYLE = Automatic;
				CURRENT_PROJECT_VERSION = 5;
				DEVELOPMENT_TEAM = M79H9K226Y;
				FRAMEWORK_SEARCH_PATHS = (
					"$(inherited)",
					"$(PROJECT_DIR)/Pods/NMapsMap/framework",
				);
				INFOPLIST_FILE = Maskinfo/Info.plist;
				LD_RUNPATH_SEARCH_PATHS = (
					"$(inherited)",
					"@executable_path/Frameworks",
				);
				PRODUCT_BUNDLE_IDENTIFIER = com.elliott.Maskinfo;
				PRODUCT_NAME = "어디마스크";
				SWIFT_VERSION = 5.0;
				TARGETED_DEVICE_FAMILY = 1;
			};
			name = Release;
		};
/* End XCBuildConfiguration section */

/* Begin XCConfigurationList section */
		DE25B4652417AA6B006C832E /* Build configuration list for PBXProject "Maskinfo" */ = {
			isa = XCConfigurationList;
			buildConfigurations = (
				DE25B47C2417AA6D006C832E /* Debug */,
				DE25B47D2417AA6D006C832E /* Release */,
			);
			defaultConfigurationIsVisible = 0;
			defaultConfigurationName = Release;
		};
		DE25B47E2417AA6D006C832E /* Build configuration list for PBXNativeTarget "Maskinfo" */ = {
			isa = XCConfigurationList;
			buildConfigurations = (
				DE25B47F2417AA6D006C832E /* Debug */,
				DE25B4802417AA6D006C832E /* Release */,
			);
			defaultConfigurationIsVisible = 0;
			defaultConfigurationName = Release;
		};
/* End XCConfigurationList section */
	};
	rootObject = DE25B4622417AA6B006C832E /* Project object */;
}
